
Microsoft Visual Studio Solution File, Format Version 12.00
# Visual Studio Version 17
VisualStudioVersion = 17.10.34928.147
MinimumVisualStudioVersion = 10.0.40219.1
Project("{FAE04EC0-301F-11D3-BF4B-00C04F79EFBC}") = "TreeImplementation", "TreeImplementation\TreeImplementation.csproj", "{2181CE9C-911A-4E22-85BD-0A96ADCA1F69}"
EndProject
Project("{FAE04EC0-301F-11D3-BF4B-00C04F79EFBC}") = "TreeImplementationTest", "TreeImplementationTest\TreeImplementationTest.csproj", "{657C963E-272F-4698-9ED2-08F38372FF02}"
EndProject
Global
	GlobalSection(SolutionConfigurationPlatforms) = preSolution
		Debug|Any CPU = Debug|Any CPU
		Release|Any CPU = Release|Any CPU
	EndGlobalSection
	GlobalSection(ProjectConfigurationPlatforms) = postSolution
		{2181CE9C-911A-4E22-85BD-0A96ADCA1F69}.Debug|Any CPU.ActiveCfg = Debug|Any CPU
		{2181CE9C-911A-4E22-85BD-0A96ADCA1F69}.Debug|Any CPU.Build.0 = Debug|Any CPU
		{2181CE9C-911A-4E22-85BD-0A96ADCA1F69}.Release|Any CPU.ActiveCfg = Release|Any CPU
		{2181CE9C-911A-4E22-85BD-0A96ADCA1F69}.Release|Any CPU.Build.0 = Release|Any CPU
		{657C963E-272F-4698-9ED2-08F38372FF02}.Debug|Any CPU.ActiveCfg = Debug|Any CPU
		{657C963E-272F-4698-9ED2-08F38372FF02}.Debug|Any CPU.Build.0 = Debug|Any CPU
		{657C963E-272F-4698-9ED2-08F38372FF02}.Release|Any CPU.ActiveCfg = Release|Any CPU
		{657C963E-272F-4698-9ED2-08F38372FF02}.Release|Any CPU.Build.0 = Release|Any CPU
	EndGlobalSection
	GlobalSection(SolutionProperties) = preSolution
		HideSolutionNode = FALSE
	EndGlobalSection
	GlobalSection(ExtensibilityGlobals) = postSolution
		SolutionGuid = {94A527A2-D50D-4999-9F04-D64E5EDB7F9A}
	EndGlobalSection
EndGlobal
